
Microsoft Visual Studio Solution File, Format Version 12.00
# Visual Studio Version 17
VisualStudioVersion = 17.2.32526.322
MinimumVisualStudioVersion = 10.0.40219.1
Project("{FAE04EC0-301F-11D3-BF4B-00C04F79EFBC}") = "PROG - Task 1", "PROG - Task 1\PROG - Task 1.csproj", "{596142C0-75B9-4705-8BA2-AFAC034E1683}"
EndProject
Global
	GlobalSection(SolutionConfigurationPlatforms) = preSolution
		Debug|Any CPU = Debug|Any CPU
		Release|Any CPU = Release|Any CPU
	EndGlobalSection
	GlobalSection(ProjectConfigurationPlatforms) = postSolution
		{596142C0-75B9-4705-8BA2-AFAC034E1683}.Debug|Any CPU.ActiveCfg = Debug|Any CPU
		{596142C0-75B9-4705-8BA2-AFAC034E1683}.Debug|Any CPU.Build.0 = Debug|Any CPU
		{596142C0-75B9-4705-8BA2-AFAC034E1683}.Release|Any CPU.ActiveCfg = Release|Any CPU
		{596142C0-75B9-4705-8BA2-AFAC034E1683}.Release|Any CPU.Build.0 = Release|Any CPU
	EndGlobalSection
	GlobalSection(SolutionProperties) = preSolution
		HideSolutionNode = FALSE
	EndGlobalSection
	GlobalSection(ExtensibilityGlobals) = postSolution
		SolutionGuid = {F0204EA0-E7C5-41CB-BA32-7F699FCCE152}
	EndGlobalSection
EndGlobal
